// !$*UTF8*$!
{
	archiveVersion = 1;
	classes = {
	};
	objectVersion = 46;
	objects = {

/* Begin PBXBuildFile section */
		0A6649CCE1484A32A57B0D80 /* libPods.a in Frameworks */ = {isa = PBXBuildFile; fileRef = 16AB456CB6FD4A08A8184A9E /* libPods.a */; };
		A311357A1976796300A2BCCC /* GRMenuItemCell.m in Sources */ = {isa = PBXBuildFile; fileRef = A31135791976796300A2BCCC /* GRMenuItemCell.m */; };
		A311357E197679F700A2BCCC /* GRTableViewCell.m in Sources */ = {isa = PBXBuildFile; fileRef = A311357D197679F700A2BCCC /* GRTableViewCell.m */; };
		A31FEED31975367E00519B58 /* Foundation.framework in Frameworks */ = {isa = PBXBuildFile; fileRef = A31FEED21975367E00519B58 /* Foundation.framework */; };
		A31FEED51975367E00519B58 /* CoreGraphics.framework in Frameworks */ = {isa = PBXBuildFile; fileRef = A31FEED41975367E00519B58 /* CoreGraphics.framework */; };
		A31FEED71975367E00519B58 /* UIKit.framework in Frameworks */ = {isa = PBXBuildFile; fileRef = A31FEED61975367E00519B58 /* UIKit.framework */; };
		A31FEED91975367E00519B58 /* CoreData.framework in Frameworks */ = {isa = PBXBuildFile; fileRef = A31FEED81975367E00519B58 /* CoreData.framework */; };
		A31FEEDF1975367E00519B58 /* InfoPlist.strings in Resources */ = {isa = PBXBuildFile; fileRef = A31FEEDD1975367E00519B58 /* InfoPlist.strings */; };
		A31FEEE11975367E00519B58 /* main.m in Sources */ = {isa = PBXBuildFile; fileRef = A31FEEE01975367E00519B58 /* main.m */; };
		A31FEEE51975367E00519B58 /* GRAppDelegate.m in Sources */ = {isa = PBXBuildFile; fileRef = A31FEEE41975367E00519B58 /* GRAppDelegate.m */; };
		A31FEEE81975367E00519B58 /* GameReviewer.xcdatamodeld in Sources */ = {isa = PBXBuildFile; fileRef = A31FEEE61975367E00519B58 /* GameReviewer.xcdatamodeld */; };
		A31FEEEA1975367E00519B58 /* Images.xcassets in Resources */ = {isa = PBXBuildFile; fileRef = A31FEEE91975367E00519B58 /* Images.xcassets */; };
		A31FEEF11975367F00519B58 /* XCTest.framework in Frameworks */ = {isa = PBXBuildFile; fileRef = A31FEEF01975367F00519B58 /* XCTest.framework */; };
		A31FEEF21975367F00519B58 /* Foundation.framework in Frameworks */ = {isa = PBXBuildFile; fileRef = A31FEED21975367E00519B58 /* Foundation.framework */; };
		A31FEEF31975367F00519B58 /* UIKit.framework in Frameworks */ = {isa = PBXBuildFile; fileRef = A31FEED61975367E00519B58 /* UIKit.framework */; };
		A31FEEF41975367F00519B58 /* CoreData.framework in Frameworks */ = {isa = PBXBuildFile; fileRef = A31FEED81975367E00519B58 /* CoreData.framework */; };
		A31FEEFC1975367F00519B58 /* InfoPlist.strings in Resources */ = {isa = PBXBuildFile; fileRef = A31FEEFA1975367F00519B58 /* InfoPlist.strings */; };
		A31FEEFE1975367F00519B58 /* GameReviewerTests.m in Sources */ = {isa = PBXBuildFile; fileRef = A31FEEFD1975367F00519B58 /* GameReviewerTests.m */; };
		A31FEF0B1975384600519B58 /* UIViewController+GRDrawerController.m in Sources */ = {isa = PBXBuildFile; fileRef = A31FEF0A1975384600519B58 /* UIViewController+GRDrawerController.m */; };
		A31FEF111975395900519B58 /* GRDrawerController.m in Sources */ = {isa = PBXBuildFile; fileRef = A31FEF101975395900519B58 /* GRDrawerController.m */; };
		A31FEF1619753AC700519B58 /* GRMenuViewController.m in Sources */ = {isa = PBXBuildFile; fileRef = A31FEF1419753AC700519B58 /* GRMenuViewController.m */; };
		A31FEF1719753AC700519B58 /* GRMenuViewController.xib in Resources */ = {isa = PBXBuildFile; fileRef = A31FEF1519753AC700519B58 /* GRMenuViewController.xib */; };
		A31FEF1C19753C3500519B58 /* GRMenuItem.m in Sources */ = {isa = PBXBuildFile; fileRef = A31FEF1B19753C3500519B58 /* GRMenuItem.m */; };
		A31FEF1F19753D0200519B58 /* GRNavigationController.m in Sources */ = {isa = PBXBuildFile; fileRef = A31FEF1E19753D0200519B58 /* GRNavigationController.m */; };
/* End PBXBuildFile section */

/* Begin PBXContainerItemProxy section */
		A31FEEF51975367F00519B58 /* PBXContainerItemProxy */ = {
			isa = PBXContainerItemProxy;
			containerPortal = A31FEEC71975367E00519B58 /* Project object */;
			proxyType = 1;
			remoteGlobalIDString = A31FEECE1975367E00519B58;
			remoteInfo = GameReviewer;
		};
/* End PBXContainerItemProxy section */

/* Begin PBXFileReference section */
		16AB456CB6FD4A08A8184A9E /* libPods.a */ = {isa = PBXFileReference; explicitFileType = archive.ar; includeInIndex = 0; path = libPods.a; sourceTree = BUILT_PRODUCTS_DIR; };
		3A19FA4F188C4C5388E19EEF /* Pods.xcconfig */ = {isa = PBXFileReference; includeInIndex = 1; lastKnownFileType = text.xcconfig; name = Pods.xcconfig; path = Pods/Pods.xcconfig; sourceTree = "<group>"; };
		A31135781976796300A2BCCC /* GRMenuItemCell.h */ = {isa = PBXFileReference; fileEncoding = 4; lastKnownFileType = sourcecode.c.h; path = GRMenuItemCell.h; sourceTree = "<group>"; };
		A31135791976796300A2BCCC /* GRMenuItemCell.m */ = {isa = PBXFileReference; fileEncoding = 4; lastKnownFileType = sourcecode.c.objc; path = GRMenuItemCell.m; sourceTree = "<group>"; };
		A311357C197679F700A2BCCC /* GRTableViewCell.h */ = {isa = PBXFileReference; fileEncoding = 4; lastKnownFileType = sourcecode.c.h; path = GRTableViewCell.h; sourceTree = "<group>"; };
		A311357D197679F700A2BCCC /* GRTableViewCell.m */ = {isa = PBXFileReference; fileEncoding = 4; lastKnownFileType = sourcecode.c.objc; path = GRTableViewCell.m; sourceTree = "<group>"; };
		A31FEECF1975367E00519B58 /* GameReviewer.app */ = {isa = PBXFileReference; explicitFileType = wrapper.application; includeInIndex = 0; path = GameReviewer.app; sourceTree = BUILT_PRODUCTS_DIR; };
		A31FEED21975367E00519B58 /* Foundation.framework */ = {isa = PBXFileReference; lastKnownFileType = wrapper.framework; name = Foundation.framework; path = System/Library/Frameworks/Foundation.framework; sourceTree = SDKROOT; };
		A31FEED41975367E00519B58 /* CoreGraphics.framework */ = {isa = PBXFileReference; lastKnownFileType = wrapper.framework; name = CoreGraphics.framework; path = System/Library/Frameworks/CoreGraphics.framework; sourceTree = SDKROOT; };
		A31FEED61975367E00519B58 /* UIKit.framework */ = {isa = PBXFileReference; lastKnownFileType = wrapper.framework; name = UIKit.framework; path = System/Library/Frameworks/UIKit.framework; sourceTree = SDKROOT; };
		A31FEED81975367E00519B58 /* CoreData.framework */ = {isa = PBXFileReference; lastKnownFileType = wrapper.framework; name = CoreData.framework; path = System/Library/Frameworks/CoreData.framework; sourceTree = SDKROOT; };
		A31FEEDC1975367E00519B58 /* GameReviewer-Info.plist */ = {isa = PBXFileReference; lastKnownFileType = text.plist.xml; path = "GameReviewer-Info.plist"; sourceTree = "<group>"; };
		A31FEEDE1975367E00519B58 /* en */ = {isa = PBXFileReference; lastKnownFileType = text.plist.strings; name = en; path = en.lproj/InfoPlist.strings; sourceTree = "<group>"; };
		A31FEEE01975367E00519B58 /* main.m */ = {isa = PBXFileReference; lastKnownFileType = sourcecode.c.objc; path = main.m; sourceTree = "<group>"; };
		A31FEEE21975367E00519B58 /* GameReviewer-Prefix.pch */ = {isa = PBXFileReference; lastKnownFileType = sourcecode.c.h; path = "GameReviewer-Prefix.pch"; sourceTree = "<group>"; };
		A31FEEE31975367E00519B58 /* GRAppDelegate.h */ = {isa = PBXFileReference; lastKnownFileType = sourcecode.c.h; path = GRAppDelegate.h; sourceTree = "<group>"; };
		A31FEEE41975367E00519B58 /* GRAppDelegate.m */ = {isa = PBXFileReference; lastKnownFileType = sourcecode.c.objc; path = GRAppDelegate.m; sourceTree = "<group>"; };
		A31FEEE71975367E00519B58 /* GameReviewer.xcdatamodel */ = {isa = PBXFileReference; lastKnownFileType = wrapper.xcdatamodel; path = GameReviewer.xcdatamodel; sourceTree = "<group>"; };
		A31FEEE91975367E00519B58 /* Images.xcassets */ = {isa = PBXFileReference; lastKnownFileType = folder.assetcatalog; path = Images.xcassets; sourceTree = "<group>"; };
		A31FEEEF1975367F00519B58 /* GameReviewerTests.xctest */ = {isa = PBXFileReference; explicitFileType = wrapper.cfbundle; includeInIndex = 0; path = GameReviewerTests.xctest; sourceTree = BUILT_PRODUCTS_DIR; };
		A31FEEF01975367F00519B58 /* XCTest.framework */ = {isa = PBXFileReference; lastKnownFileType = wrapper.framework; name = XCTest.framework; path = Library/Frameworks/XCTest.framework; sourceTree = DEVELOPER_DIR; };
		A31FEEF91975367F00519B58 /* GameReviewerTests-Info.plist */ = {isa = PBXFileReference; lastKnownFileType = text.plist.xml; path = "GameReviewerTests-Info.plist"; sourceTree = "<group>"; };
		A31FEEFB1975367F00519B58 /* en */ = {isa = PBXFileReference; lastKnownFileType = text.plist.strings; name = en; path = en.lproj/InfoPlist.strings; sourceTree = "<group>"; };
		A31FEEFD1975367F00519B58 /* GameReviewerTests.m */ = {isa = PBXFileReference; lastKnownFileType = sourcecode.c.objc; path = GameReviewerTests.m; sourceTree = "<group>"; };
		A31FEF091975384600519B58 /* UIViewController+GRDrawerController.h */ = {isa = PBXFileReference; fileEncoding = 4; lastKnownFileType = sourcecode.c.h; path = "UIViewController+GRDrawerController.h"; sourceTree = "<group>"; };
		A31FEF0A1975384600519B58 /* UIViewController+GRDrawerController.m */ = {isa = PBXFileReference; fileEncoding = 4; lastKnownFileType = sourcecode.c.objc; path = "UIViewController+GRDrawerController.m"; sourceTree = "<group>"; };
		A31FEF0F1975395900519B58 /* GRDrawerController.h */ = {isa = PBXFileReference; fileEncoding = 4; lastKnownFileType = sourcecode.c.h; path = GRDrawerController.h; sourceTree = "<group>"; };
		A31FEF101975395900519B58 /* GRDrawerController.m */ = {isa = PBXFileReference; fileEncoding = 4; lastKnownFileType = sourcecode.c.objc; path = GRDrawerController.m; sourceTree = "<group>"; };
		A31FEF1319753AC700519B58 /* GRMenuViewController.h */ = {isa = PBXFileReference; fileEncoding = 4; lastKnownFileType = sourcecode.c.h; path = GRMenuViewController.h; sourceTree = "<group>"; };
		A31FEF1419753AC700519B58 /* GRMenuViewController.m */ = {isa = PBXFileReference; fileEncoding = 4; lastKnownFileType = sourcecode.c.objc; path = GRMenuViewController.m; sourceTree = "<group>"; };
		A31FEF1519753AC700519B58 /* GRMenuViewController.xib */ = {isa = PBXFileReference; fileEncoding = 4; lastKnownFileType = file.xib; path = GRMenuViewController.xib; sourceTree = "<group>"; };
		A31FEF1A19753C3500519B58 /* GRMenuItem.h */ = {isa = PBXFileReference; fileEncoding = 4; lastKnownFileType = sourcecode.c.h; path = GRMenuItem.h; sourceTree = "<group>"; };
		A31FEF1B19753C3500519B58 /* GRMenuItem.m */ = {isa = PBXFileReference; fileEncoding = 4; lastKnownFileType = sourcecode.c.objc; path = GRMenuItem.m; sourceTree = "<group>"; };
		A31FEF1D19753D0200519B58 /* GRNavigationController.h */ = {isa = PBXFileReference; fileEncoding = 4; lastKnownFileType = sourcecode.c.h; path = GRNavigationController.h; sourceTree = "<group>"; };
		A31FEF1E19753D0200519B58 /* GRNavigationController.m */ = {isa = PBXFileReference; fileEncoding = 4; lastKnownFileType = sourcecode.c.objc; path = GRNavigationController.m; sourceTree = "<group>"; };
/* End PBXFileReference section */

/* Begin PBXFrameworksBuildPhase section */
		A31FEECC1975367E00519B58 /* Frameworks */ = {
			isa = PBXFrameworksBuildPhase;
			buildActionMask = 2147483647;
			files = (
				A31FEED51975367E00519B58 /* CoreGraphics.framework in Frameworks */,
				A31FEED91975367E00519B58 /* CoreData.framework in Frameworks */,
				A31FEED71975367E00519B58 /* UIKit.framework in Frameworks */,
				A31FEED31975367E00519B58 /* Foundation.framework in Frameworks */,
				0A6649CCE1484A32A57B0D80 /* libPods.a in Frameworks */,
			);
			runOnlyForDeploymentPostprocessing = 0;
		};
		A31FEEEC1975367F00519B58 /* Frameworks */ = {
			isa = PBXFrameworksBuildPhase;
			buildActionMask = 2147483647;
			files = (
				A31FEEF11975367F00519B58 /* XCTest.framework in Frameworks */,
				A31FEEF41975367F00519B58 /* CoreData.framework in Frameworks */,
				A31FEEF31975367F00519B58 /* UIKit.framework in Frameworks */,
				A31FEEF21975367F00519B58 /* Foundation.framework in Frameworks */,
			);
			runOnlyForDeploymentPostprocessing = 0;
		};
/* End PBXFrameworksBuildPhase section */

/* Begin PBXGroup section */
		A31135761976793A00A2BCCC /* Views */ = {
			isa = PBXGroup;
			children = (
				A311357B197679E500A2BCCC /* Common */,
				A31135771976794100A2BCCC /* Menu */,
			);
			name = Views;
			sourceTree = "<group>";
		};
		A31135771976794100A2BCCC /* Menu */ = {
			isa = PBXGroup;
			children = (
				A31135781976796300A2BCCC /* GRMenuItemCell.h */,
				A31135791976796300A2BCCC /* GRMenuItemCell.m */,
			);
			name = Menu;
			sourceTree = "<group>";
		};
		A311357B197679E500A2BCCC /* Common */ = {
			isa = PBXGroup;
			children = (
				A311357C197679F700A2BCCC /* GRTableViewCell.h */,
				A311357D197679F700A2BCCC /* GRTableViewCell.m */,
			);
			name = Common;
			sourceTree = "<group>";
		};
		A31FEEC61975367E00519B58 = {
			isa = PBXGroup;
			children = (
				A31FEEDA1975367E00519B58 /* GameReviewer */,
				A31FEEF71975367F00519B58 /* GameReviewerTests */,
				A31FEED11975367E00519B58 /* Frameworks */,
				A31FEED01975367E00519B58 /* Products */,
				3A19FA4F188C4C5388E19EEF /* Pods.xcconfig */,
			);
			sourceTree = "<group>";
		};
		A31FEED01975367E00519B58 /* Products */ = {
			isa = PBXGroup;
			children = (
				A31FEECF1975367E00519B58 /* GameReviewer.app */,
				A31FEEEF1975367F00519B58 /* GameReviewerTests.xctest */,
			);
			name = Products;
			sourceTree = "<group>";
		};
		A31FEED11975367E00519B58 /* Frameworks */ = {
			isa = PBXGroup;
			children = (
				A31FEED21975367E00519B58 /* Foundation.framework */,
				A31FEED41975367E00519B58 /* CoreGraphics.framework */,
				A31FEED61975367E00519B58 /* UIKit.framework */,
				A31FEED81975367E00519B58 /* CoreData.framework */,
				A31FEEF01975367F00519B58 /* XCTest.framework */,
				16AB456CB6FD4A08A8184A9E /* libPods.a */,
			);
			name = Frameworks;
			sourceTree = "<group>";
		};
		A31FEEDA1975367E00519B58 /* GameReviewer */ = {
			isa = PBXGroup;
			children = (
				A31135761976793A00A2BCCC /* Views */,
				A31FEF1819753C1100519B58 /* Models */,
				A31FEF0D1975386E00519B58 /* Controllers */,
				A31FEF0C1975384C00519B58 /* Helpers */,
				A31FEEE91975367E00519B58 /* Images.xcassets */,
				A31FEEE61975367E00519B58 /* GameReviewer.xcdatamodeld */,
				A31FEEDB1975367E00519B58 /* Supporting Files */,
			);
			path = GameReviewer;
			sourceTree = "<group>";
		};
		A31FEEDB1975367E00519B58 /* Supporting Files */ = {
			isa = PBXGroup;
			children = (
				A31FEEE31975367E00519B58 /* GRAppDelegate.h */,
				A31FEEE41975367E00519B58 /* GRAppDelegate.m */,
				A31FEEDC1975367E00519B58 /* GameReviewer-Info.plist */,
				A31FEEDD1975367E00519B58 /* InfoPlist.strings */,
				A31FEEE01975367E00519B58 /* main.m */,
				A31FEEE21975367E00519B58 /* GameReviewer-Prefix.pch */,
			);
			name = "Supporting Files";
			sourceTree = "<group>";
		};
		A31FEEF71975367F00519B58 /* GameReviewerTests */ = {
			isa = PBXGroup;
			children = (
				A31FEEFD1975367F00519B58 /* GameReviewerTests.m */,
				A31FEEF81975367F00519B58 /* Supporting Files */,
			);
			path = GameReviewerTests;
			sourceTree = "<group>";
		};
		A31FEEF81975367F00519B58 /* Supporting Files */ = {
			isa = PBXGroup;
			children = (
				A31FEEF91975367F00519B58 /* GameReviewerTests-Info.plist */,
				A31FEEFA1975367F00519B58 /* InfoPlist.strings */,
			);
			name = "Supporting Files";
			sourceTree = "<group>";
		};
		A31FEF0C1975384C00519B58 /* Helpers */ = {
			isa = PBXGroup;
			children = (
			);
			name = Helpers;
			sourceTree = "<group>";
		};
		A31FEF0D1975386E00519B58 /* Controllers */ = {
			isa = PBXGroup;
			children = (
				A31FEF1219753A9800519B58 /* Menu */,
				A31FEF0E1975387400519B58 /* Common */,
			);
			name = Controllers;
			sourceTree = "<group>";
		};
		A31FEF0E1975387400519B58 /* Common */ = {
			isa = PBXGroup;
			children = (
				A31FEF091975384600519B58 /* UIViewController+GRDrawerController.h */,
				A31FEF0A1975384600519B58 /* UIViewController+GRDrawerController.m */,
				A31FEF0F1975395900519B58 /* GRDrawerController.h */,
				A31FEF101975395900519B58 /* GRDrawerController.m */,
				A31FEF1D19753D0200519B58 /* GRNavigationController.h */,
				A31FEF1E19753D0200519B58 /* GRNavigationController.m */,
			);
			name = Common;
			sourceTree = "<group>";
		};
		A31FEF1219753A9800519B58 /* Menu */ = {
			isa = PBXGroup;
			children = (
				A31FEF1319753AC700519B58 /* GRMenuViewController.h */,
				A31FEF1419753AC700519B58 /* GRMenuViewController.m */,
				A31FEF1519753AC700519B58 /* GRMenuViewController.xib */,
			);
			name = Menu;
			sourceTree = "<group>";
		};
		A31FEF1819753C1100519B58 /* Models */ = {
			isa = PBXGroup;
			children = (
				A31FEF1919753C1800519B58 /* Menu */,
			);
			name = Models;
			sourceTree = "<group>";
		};
		A31FEF1919753C1800519B58 /* Menu */ = {
			isa = PBXGroup;
			children = (
				A31FEF1A19753C3500519B58 /* GRMenuItem.h */,
				A31FEF1B19753C3500519B58 /* GRMenuItem.m */,
			);
			name = Menu;
			sourceTree = "<group>";
		};
/* End PBXGroup section */

/* Begin PBXNativeTarget section */
		A31FEECE1975367E00519B58 /* GameReviewer */ = {
			isa = PBXNativeTarget;
			buildConfigurationList = A31FEF011975367F00519B58 /* Build configuration list for PBXNativeTarget "GameReviewer" */;
			buildPhases = (
				CEC3AF4A03194A65A7878517 /* Check Pods Manifest.lock */,
				A31FEECB1975367E00519B58 /* Sources */,
				A31FEECC1975367E00519B58 /* Frameworks */,
				A31FEECD1975367E00519B58 /* Resources */,
				F2D00754032849DD80A10BC9 /* Copy Pods Resources */,
			);
			buildRules = (
			);
			dependencies = (
			);
			name = GameReviewer;
			productName = GameReviewer;
			productReference = A31FEECF1975367E00519B58 /* GameReviewer.app */;
			productType = "com.apple.product-type.application";
		};
		A31FEEEE1975367F00519B58 /* GameReviewerTests */ = {
			isa = PBXNativeTarget;
			buildConfigurationList = A31FEF041975367F00519B58 /* Build configuration list for PBXNativeTarget "GameReviewerTests" */;
			buildPhases = (
				A31FEEEB1975367F00519B58 /* Sources */,
				A31FEEEC1975367F00519B58 /* Frameworks */,
				A31FEEED1975367F00519B58 /* Resources */,
			);
			buildRules = (
			);
			dependencies = (
				A31FEEF61975367F00519B58 /* PBXTargetDependency */,
			);
			name = GameReviewerTests;
			productName = GameReviewerTests;
			productReference = A31FEEEF1975367F00519B58 /* GameReviewerTests.xctest */;
			productType = "com.apple.product-type.bundle.unit-test";
		};
/* End PBXNativeTarget section */

/* Begin PBXProject section */
		A31FEEC71975367E00519B58 /* Project object */ = {
			isa = PBXProject;
			attributes = {
				CLASSPREFIX = GR;
				LastUpgradeCheck = 0510;
				ORGANIZATIONNAME = SOM;
				TargetAttributes = {
					A31FEEEE1975367F00519B58 = {
						TestTargetID = A31FEECE1975367E00519B58;
					};
				};
			};
			buildConfigurationList = A31FEECA1975367E00519B58 /* Build configuration list for PBXProject "GameReviewer" */;
			compatibilityVersion = "Xcode 3.2";
			developmentRegion = English;
			hasScannedForEncodings = 0;
			knownRegions = (
				en,
			);
			mainGroup = A31FEEC61975367E00519B58;
			productRefGroup = A31FEED01975367E00519B58 /* Products */;
			projectDirPath = "";
			projectRoot = "";
			targets = (
				A31FEECE1975367E00519B58 /* GameReviewer */,
				A31FEEEE1975367F00519B58 /* GameReviewerTests */,
			);
		};
/* End PBXProject section */

/* Begin PBXResourcesBuildPhase section */
		A31FEECD1975367E00519B58 /* Resources */ = {
			isa = PBXResourcesBuildPhase;
			buildActionMask = 2147483647;
			files = (
				A31FEEDF1975367E00519B58 /* InfoPlist.strings in Resources */,
				A31FEEEA1975367E00519B58 /* Images.xcassets in Resources */,
				A31FEF1719753AC700519B58 /* GRMenuViewController.xib in Resources */,
			);
			runOnlyForDeploymentPostprocessing = 0;
		};
		A31FEEED1975367F00519B58 /* Resources */ = {
			isa = PBXResourcesBuildPhase;
			buildActionMask = 2147483647;
			files = (
				A31FEEFC1975367F00519B58 /* InfoPlist.strings in Resources */,
			);
			runOnlyForDeploymentPostprocessing = 0;
		};
/* End PBXResourcesBuildPhase section */

/* Begin PBXShellScriptBuildPhase section */
		CEC3AF4A03194A65A7878517 /* Check Pods Manifest.lock */ = {
			isa = PBXShellScriptBuildPhase;
			buildActionMask = 2147483647;
			files = (
			);
			inputPaths = (
			);
			name = "Check Pods Manifest.lock";
			outputPaths = (
			);
			runOnlyForDeploymentPostprocessing = 0;
			shellPath = /bin/sh;
			shellScript = "diff \"${PODS_ROOT}/../Podfile.lock\" \"${PODS_ROOT}/Manifest.lock\" > /dev/null\nif [[ $? != 0 ]] ; then\n    cat << EOM\nerror: The sandbox is not in sync with the Podfile.lock. Run 'pod install' or update your CocoaPods installation.\nEOM\n    exit 1\nfi\n";
			showEnvVarsInLog = 0;
		};
		F2D00754032849DD80A10BC9 /* Copy Pods Resources */ = {
			isa = PBXShellScriptBuildPhase;
			buildActionMask = 2147483647;
			files = (
			);
			inputPaths = (
			);
			name = "Copy Pods Resources";
			outputPaths = (
			);
			runOnlyForDeploymentPostprocessing = 0;
			shellPath = /bin/sh;
			shellScript = "\"${SRCROOT}/Pods/Pods-resources.sh\"\n";
			showEnvVarsInLog = 0;
		};
/* End PBXShellScriptBuildPhase section */

/* Begin PBXSourcesBuildPhase section */
		A31FEECB1975367E00519B58 /* Sources */ = {
			isa = PBXSourcesBuildPhase;
			buildActionMask = 2147483647;
			files = (
				A31FEF1F19753D0200519B58 /* GRNavigationController.m in Sources */,
				A31FEEE11975367E00519B58 /* main.m in Sources */,
				A311357A1976796300A2BCCC /* GRMenuItemCell.m in Sources */,
				A31FEEE81975367E00519B58 /* GameReviewer.xcdatamodeld in Sources */,
				A31FEF1619753AC700519B58 /* GRMenuViewController.m in Sources */,
				A31FEF1C19753C3500519B58 /* GRMenuItem.m in Sources */,
				A311357E197679F700A2BCCC /* GRTableViewCell.m in Sources */,
				A31FEF0B1975384600519B58 /* UIViewController+GRDrawerController.m in Sources */,
				A31FEF111975395900519B58 /* GRDrawerController.m in Sources */,
				A31FEEE51975367E00519B58 /* GRAppDelegate.m in Sources */,
			);
			runOnlyForDeploymentPostprocessing = 0;
		};
		A31FEEEB1975367F00519B58 /* Sources */ = {
			isa = PBXSourcesBuildPhase;
			buildActionMask = 2147483647;
			files = (
				A31FEEFE1975367F00519B58 /* GameReviewerTests.m in Sources */,
			);
			runOnlyForDeploymentPostprocessing = 0;
		};
/* End PBXSourcesBuildPhase section */

/* Begin PBXTargetDependency section */
		A31FEEF61975367F00519B58 /* PBXTargetDependency */ = {
			isa = PBXTargetDependency;
			target = A31FEECE1975367E00519B58 /* GameReviewer */;
			targetProxy = A31FEEF51975367F00519B58 /* PBXContainerItemProxy */;
		};
/* End PBXTargetDependency section */

/* Begin PBXVariantGroup section */
		A31FEEDD1975367E00519B58 /* InfoPlist.strings */ = {
			isa = PBXVariantGroup;
			children = (
				A31FEEDE1975367E00519B58 /* en */,
			);
			name = InfoPlist.strings;
			sourceTree = "<group>";
		};
		A31FEEFA1975367F00519B58 /* InfoPlist.strings */ = {
			isa = PBXVariantGroup;
			children = (
				A31FEEFB1975367F00519B58 /* en */,
			);
			name = InfoPlist.strings;
			sourceTree = "<group>";
		};
/* End PBXVariantGroup section */

/* Begin XCBuildConfiguration section */
		A31FEEFF1975367F00519B58 /* Debug */ = {
			isa = XCBuildConfiguration;
			buildSettings = {
				ALWAYS_SEARCH_USER_PATHS = NO;
				CLANG_CXX_LANGUAGE_STANDARD = "gnu++0x";
				CLANG_CXX_LIBRARY = "libc++";
				CLANG_ENABLE_MODULES = YES;
				CLANG_ENABLE_OBJC_ARC = YES;
				CLANG_WARN_BOOL_CONVERSION = YES;
				CLANG_WARN_CONSTANT_CONVERSION = YES;
				CLANG_WARN_DIRECT_OBJC_ISA_USAGE = YES_ERROR;
				CLANG_WARN_EMPTY_BODY = YES;
				CLANG_WARN_ENUM_CONVERSION = YES;
				CLANG_WARN_INT_CONVERSION = YES;
				CLANG_WARN_OBJC_ROOT_CLASS = YES_ERROR;
				CLANG_WARN__DUPLICATE_METHOD_MATCH = YES;
				"CODE_SIGN_IDENTITY[sdk=iphoneos*]" = "iPhone Developer";
				COPY_PHASE_STRIP = NO;
				GCC_C_LANGUAGE_STANDARD = gnu99;
				GCC_DYNAMIC_NO_PIC = NO;
				GCC_OPTIMIZATION_LEVEL = 0;
				GCC_PREPROCESSOR_DEFINITIONS = (
					"DEBUG=1",
					"$(inherited)",
				);
				GCC_SYMBOLS_PRIVATE_EXTERN = NO;
				GCC_WARN_64_TO_32_BIT_CONVERSION = YES;
				GCC_WARN_ABOUT_RETURN_TYPE = YES_ERROR;
				GCC_WARN_UNDECLARED_SELECTOR = YES;
				GCC_WARN_UNINITIALIZED_AUTOS = YES_AGGRESSIVE;
				GCC_WARN_UNUSED_FUNCTION = YES;
				GCC_WARN_UNUSED_VARIABLE = YES;
				IPHONEOS_DEPLOYMENT_TARGET = 7.1;
				ONLY_ACTIVE_ARCH = YES;
				SDKROOT = iphoneos;
				TARGETED_DEVICE_FAMILY = 2;
			};
			name = Debug;
		};
		A31FEF001975367F00519B58 /* Release */ = {
			isa = XCBuildConfiguration;
			buildSettings = {
				ALWAYS_SEARCH_USER_PATHS = NO;
				CLANG_CXX_LANGUAGE_STANDARD = "gnu++0x";
				CLANG_CXX_LIBRARY = "libc++";
				CLANG_ENABLE_MODULES = YES;
				CLANG_ENABLE_OBJC_ARC = YES;
				CLANG_WARN_BOOL_CONVERSION = YES;
				CLANG_WARN_CONSTANT_CONVERSION = YES;
				CLANG_WARN_DIRECT_OBJC_ISA_USAGE = YES_ERROR;
				CLANG_WARN_EMPTY_BODY = YES;
				CLANG_WARN_ENUM_CONVERSION = YES;
				CLANG_WARN_INT_CONVERSION = YES;
				CLANG_WARN_OBJC_ROOT_CLASS = YES_ERROR;
				CLANG_WARN__DUPLICATE_METHOD_MATCH = YES;
				"CODE_SIGN_IDENTITY[sdk=iphoneos*]" = "iPhone Developer";
				COPY_PHASE_STRIP = YES;
				ENABLE_NS_ASSERTIONS = NO;
				GCC_C_LANGUAGE_STANDARD = gnu99;
				GCC_WARN_64_TO_32_BIT_CONVERSION = YES;
				GCC_WARN_ABOUT_RETURN_TYPE = YES_ERROR;
				GCC_WARN_UNDECLARED_SELECTOR = YES;
				GCC_WARN_UNINITIALIZED_AUTOS = YES_AGGRESSIVE;
				GCC_WARN_UNUSED_FUNCTION = YES;
				GCC_WARN_UNUSED_VARIABLE = YES;
				IPHONEOS_DEPLOYMENT_TARGET = 7.1;
				SDKROOT = iphoneos;
				TARGETED_DEVICE_FAMILY = 2;
				VALIDATE_PRODUCT = YES;
			};
			name = Release;
		};
		A31FEF021975367F00519B58 /* Debug */ = {
			isa = XCBuildConfiguration;
			baseConfigurationReference = 3A19FA4F188C4C5388E19EEF /* Pods.xcconfig */;
			buildSettings = {
				ASSETCATALOG_COMPILER_APPICON_NAME = AppIcon;
				ASSETCATALOG_COMPILER_LAUNCHIMAGE_NAME = LaunchImage;
				GCC_PRECOMPILE_PREFIX_HEADER = YES;
				GCC_PREFIX_HEADER = "GameReviewer/GameReviewer-Prefix.pch";
				INFOPLIST_FILE = "GameReviewer/GameReviewer-Info.plist";
				PRODUCT_NAME = "$(TARGET_NAME)";
				WRAPPER_EXTENSION = app;
			};
			name = Debug;
		};
		A31FEF031975367F00519B58 /* Release */ = {
			isa = XCBuildConfiguration;
			baseConfigurationReference = 3A19FA4F188C4C5388E19EEF /* Pods.xcconfig */;
			buildSettings = {
				ASSETCATALOG_COMPILER_APPICON_NAME = AppIcon;
				ASSETCATALOG_COMPILER_LAUNCHIMAGE_NAME = LaunchImage;
				GCC_PRECOMPILE_PREFIX_HEADER = YES;
				GCC_PREFIX_HEADER = "GameReviewer/GameReviewer-Prefix.pch";
				INFOPLIST_FILE = "GameReviewer/GameReviewer-Info.plist";
				PRODUCT_NAME = "$(TARGET_NAME)";
				WRAPPER_EXTENSION = app;
			};
			name = Release;
		};
		A31FEF051975367F00519B58 /* Debug */ = {
			isa = XCBuildConfiguration;
			buildSettings = {
				BUNDLE_LOADER = "$(BUILT_PRODUCTS_DIR)/GameReviewer.app/GameReviewer";
				FRAMEWORK_SEARCH_PATHS = (
					"$(SDKROOT)/Developer/Library/Frameworks",
					"$(inherited)",
					"$(DEVELOPER_FRAMEWORKS_DIR)",
				);
				GCC_PRECOMPILE_PREFIX_HEADER = YES;
				GCC_PREFIX_HEADER = "GameReviewer/GameReviewer-Prefix.pch";
				GCC_PREPROCESSOR_DEFINITIONS = (
					"DEBUG=1",
					"$(inherited)",
				);
				INFOPLIST_FILE = "GameReviewerTests/GameReviewerTests-Info.plist";
				PRODUCT_NAME = "$(TARGET_NAME)";
				TEST_HOST = "$(BUNDLE_LOADER)";
				WRAPPER_EXTENSION = xctest;
			};
			name = Debug;
		};
		A31FEF061975367F00519B58 /* Release */ = {
			isa = XCBuildConfiguration;
			buildSettings = {
				BUNDLE_LOADER = "$(BUILT_PRODUCTS_DIR)/GameReviewer.app/GameReviewer";
				FRAMEWORK_SEARCH_PATHS = (
					"$(SDKROOT)/Developer/Library/Frameworks",
					"$(inherited)",
					"$(DEVELOPER_FRAMEWORKS_DIR)",
				);
				GCC_PRECOMPILE_PREFIX_HEADER = YES;
				GCC_PREFIX_HEADER = "GameReviewer/GameReviewer-Prefix.pch";
				INFOPLIST_FILE = "GameReviewerTests/GameReviewerTests-Info.plist";
				PRODUCT_NAME = "$(TARGET_NAME)";
				TEST_HOST = "$(BUNDLE_LOADER)";
				WRAPPER_EXTENSION = xctest;
			};
			name = Release;
		};
/* End XCBuildConfiguration section */

/* Begin XCConfigurationList section */
		A31FEECA1975367E00519B58 /* Build configuration list for PBXProject "GameReviewer" */ = {
			isa = XCConfigurationList;
			buildConfigurations = (
				A31FEEFF1975367F00519B58 /* Debug */,
				A31FEF001975367F00519B58 /* Release */,
			);
			defaultConfigurationIsVisible = 0;
			defaultConfigurationName = Release;
		};
		A31FEF011975367F00519B58 /* Build configuration list for PBXNativeTarget "GameReviewer" */ = {
			isa = XCConfigurationList;
			buildConfigurations = (
				A31FEF021975367F00519B58 /* Debug */,
				A31FEF031975367F00519B58 /* Release */,
			);
			defaultConfigurationIsVisible = 0;
			defaultConfigurationName = Release;
		};
		A31FEF041975367F00519B58 /* Build configuration list for PBXNativeTarget "GameReviewerTests" */ = {
			isa = XCConfigurationList;
			buildConfigurations = (
				A31FEF051975367F00519B58 /* Debug */,
				A31FEF061975367F00519B58 /* Release */,
			);
			defaultConfigurationIsVisible = 0;
			defaultConfigurationName = Release;
		};
/* End XCConfigurationList section */

/* Begin XCVersionGroup section */
		A31FEEE61975367E00519B58 /* GameReviewer.xcdatamodeld */ = {
			isa = XCVersionGroup;
			children = (
				A31FEEE71975367E00519B58 /* GameReviewer.xcdatamodel */,
			);
			currentVersion = A31FEEE71975367E00519B58 /* GameReviewer.xcdatamodel */;
			path = GameReviewer.xcdatamodeld;
			sourceTree = "<group>";
			versionGroupType = wrapper.xcdatamodel;
		};
/* End XCVersionGroup section */
	};
	rootObject = A31FEEC71975367E00519B58 /* Project object */;
}
